
Microsoft Visual Studio Solution File, Format Version 10.00
# Visual Studio 2008
Project("{8BC9CEB8-8B4A-11D0-8D11-00A0C91BC942}") = "tutorial2", "tutorial2.vcproj", "{9C03BFB7-36D4-4ACC-912C-8CC2E1B79552}"
EndProject
Project("{8BC9CEB8-8B4A-11D0-8D11-00A0C91BC942}") = "testdjengine", "..\testdjengine\testdjengine.vcproj", "{BAAE91E7-6945-4173-8494-F2E02F8BDB75}"
EndProject
Global
	GlobalSection(SolutionConfigurationPlatforms) = preSolution
		Debug|Win32 = Debug|Win32
		Release|Win32 = Release|Win32
	EndGlobalSection
	GlobalSection(ProjectConfigurationPlatforms) = postSolution
		{9C03BFB7-36D4-4ACC-912C-8CC2E1B79552}.Debug|Win32.ActiveCfg = Debug|Win32
		{9C03BFB7-36D4-4ACC-912C-8CC2E1B79552}.Debug|Win32.Build.0 = Debug|Win32
		{9C03BFB7-36D4-4ACC-912C-8CC2E1B79552}.Release|Win32.ActiveCfg = Release|Win32
		{9C03BFB7-36D4-4ACC-912C-8CC2E1B79552}.Release|Win32.Build.0 = Release|Win32
		{BAAE91E7-6945-4173-8494-F2E02F8BDB75}.Debug|Win32.ActiveCfg = Debug|Win32
		{BAAE91E7-6945-4173-8494-F2E02F8BDB75}.Debug|Win32.Build.0 = Debug|Win32
		{BAAE91E7-6945-4173-8494-F2E02F8BDB75}.Release|Win32.ActiveCfg = Release|Win32
		{BAAE91E7-6945-4173-8494-F2E02F8BDB75}.Release|Win32.Build.0 = Release|Win32
	EndGlobalSection
	GlobalSection(SolutionProperties) = preSolution
		HideSolutionNode = FALSE
	EndGlobalSection
EndGlobal
